
Microsoft Visual Studio Solution File, Format Version 12.00
# Visual Studio Version 16
VisualStudioVersion = 16.0.28803.156
MinimumVisualStudioVersion = 10.0.40219.1
Project("{2150E333-8FDC-42A3-9474-1A3956D46DE8}") = "src", "src", "{A6AF1AB0-4126-4674-A05F-E2B4211A5B41}"
EndProject
Project("{2150E333-8FDC-42A3-9474-1A3956D46DE8}") = "tests", "tests", "{744A05F4-1F6B-444F-AEAB-C8B7DD30A132}"
EndProject
Project("{9A19103F-16F7-4668-BE54-9A1E7A4F7556}") = "MarkEmbling.PostcodesIO", "src\MarkEmbling.PostcodesIO\MarkEmbling.PostcodesIO.csproj", "{2DABCA36-950E-461B-B9DF-60C9D801AA22}"
EndProject
Project("{9A19103F-16F7-4668-BE54-9A1E7A4F7556}") = "MarkEmbling.PostcodesIO.Tests", "tests\MarkEmbling.PostcodesIO.Tests\MarkEmbling.PostcodesIO.Tests.csproj", "{98161FD9-1577-4042-9721-52D40889D48D}"
EndProject
Global
	GlobalSection(SolutionConfigurationPlatforms) = preSolution
		Debug|Any CPU = Debug|Any CPU
		Release|Any CPU = Release|Any CPU
	EndGlobalSection
	GlobalSection(ProjectConfigurationPlatforms) = postSolution
		{2DABCA36-950E-461B-B9DF-60C9D801AA22}.Debug|Any CPU.ActiveCfg = Debug|Any CPU
		{2DABCA36-950E-461B-B9DF-60C9D801AA22}.Debug|Any CPU.Build.0 = Debug|Any CPU
		{2DABCA36-950E-461B-B9DF-60C9D801AA22}.Release|Any CPU.ActiveCfg = Release|Any CPU
		{2DABCA36-950E-461B-B9DF-60C9D801AA22}.Release|Any CPU.Build.0 = Release|Any CPU
		{98161FD9-1577-4042-9721-52D40889D48D}.Debug|Any CPU.ActiveCfg = Debug|Any CPU
		{98161FD9-1577-4042-9721-52D40889D48D}.Debug|Any CPU.Build.0 = Debug|Any CPU
		{98161FD9-1577-4042-9721-52D40889D48D}.Release|Any CPU.ActiveCfg = Release|Any CPU
		{98161FD9-1577-4042-9721-52D40889D48D}.Release|Any CPU.Build.0 = Release|Any CPU
	EndGlobalSection
	GlobalSection(SolutionProperties) = preSolution
		HideSolutionNode = FALSE
	EndGlobalSection
	GlobalSection(NestedProjects) = preSolution
		{2DABCA36-950E-461B-B9DF-60C9D801AA22} = {A6AF1AB0-4126-4674-A05F-E2B4211A5B41}
		{98161FD9-1577-4042-9721-52D40889D48D} = {744A05F4-1F6B-444F-AEAB-C8B7DD30A132}
	EndGlobalSection
	GlobalSection(ExtensibilityGlobals) = postSolution
		SolutionGuid = {66B8796C-56DE-4549-90D7-E5BBE4F7EC95}
	EndGlobalSection
EndGlobal
